
Microsoft Visual Studio Solution File, Format Version 12.00
# Visual Studio Version 17
VisualStudioVersion = 17.14.36121.58 d17.14
MinimumVisualStudioVersion = 10.0.40219.1
Project("{FAE04EC0-301F-11D3-BF4B-00C04F79EFBC}") = "RoomBookingApp.Core.Tests", "RoomBookingApp.Core.Tests\RoomBookingApp.Core.Tests.csproj", "{4339BB8A-26D8-442C-9971-DF95805A6A6F}"
EndProject
Global
	GlobalSection(SolutionConfigurationPlatforms) = preSolution
		Debug|Any CPU = Debug|Any CPU
		Release|Any CPU = Release|Any CPU
	EndGlobalSection
	GlobalSection(ProjectConfigurationPlatforms) = postSolution
		{4339BB8A-26D8-442C-9971-DF95805A6A6F}.Debug|Any CPU.ActiveCfg = Debug|Any CPU
		{4339BB8A-26D8-442C-9971-DF95805A6A6F}.Debug|Any CPU.Build.0 = Debug|Any CPU
		{4339BB8A-26D8-442C-9971-DF95805A6A6F}.Release|Any CPU.ActiveCfg = Release|Any CPU
		{4339BB8A-26D8-442C-9971-DF95805A6A6F}.Release|Any CPU.Build.0 = Release|Any CPU
	EndGlobalSection
	GlobalSection(SolutionProperties) = preSolution
		HideSolutionNode = FALSE
	EndGlobalSection
	GlobalSection(ExtensibilityGlobals) = postSolution
		SolutionGuid = {7EDAAEF7-B352-40A9-A0CE-EF135B97F758}
	EndGlobalSection
EndGlobal
