
Microsoft Visual Studio Solution File, Format Version 12.00
# Visual Studio Version 17
VisualStudioVersion = 17.5.2.0
MinimumVisualStudioVersion = 10.0.40219.1
Project("{FAE04EC0-301F-11D3-BF4B-00C04F79EFBC}") = "Calculations", "Calculations.csproj", "{ED38304F-D1E3-02F8-2642-FCF031D9B521}"
EndProject
Project("{2150E333-8FDC-42A3-9474-1A3956D46DE8}") = "Tests", "Tests", "{0AB3BF05-4346-4AA6-1389-037BE0695223}"
EndProject
Project("{FAE04EC0-301F-11D3-BF4B-00C04F79EFBC}") = "Calculations.Test", "Tests\Calculations.Test\Calculations.Test.csproj", "{77ADA901-9A98-4029-9919-D1B417F577C4}"
EndProject
Global
	GlobalSection(SolutionConfigurationPlatforms) = preSolution
		Debug|Any CPU = Debug|Any CPU
		Debug|x64 = Debug|x64
		Debug|x86 = Debug|x86
		Release|Any CPU = Release|Any CPU
		Release|x64 = Release|x64
		Release|x86 = Release|x86
	EndGlobalSection
	GlobalSection(ProjectConfigurationPlatforms) = postSolution
		{ED38304F-D1E3-02F8-2642-FCF031D9B521}.Debug|Any CPU.ActiveCfg = Debug|Any CPU
		{ED38304F-D1E3-02F8-2642-FCF031D9B521}.Debug|Any CPU.Build.0 = Debug|Any CPU
		{ED38304F-D1E3-02F8-2642-FCF031D9B521}.Debug|x64.ActiveCfg = Debug|Any CPU
		{ED38304F-D1E3-02F8-2642-FCF031D9B521}.Debug|x64.Build.0 = Debug|Any CPU
		{ED38304F-D1E3-02F8-2642-FCF031D9B521}.Debug|x86.ActiveCfg = Debug|Any CPU
		{ED38304F-D1E3-02F8-2642-FCF031D9B521}.Debug|x86.Build.0 = Debug|Any CPU
		{ED38304F-D1E3-02F8-2642-FCF031D9B521}.Release|Any CPU.ActiveCfg = Release|Any CPU
		{ED38304F-D1E3-02F8-2642-FCF031D9B521}.Release|Any CPU.Build.0 = Release|Any CPU
		{ED38304F-D1E3-02F8-2642-FCF031D9B521}.Release|x64.ActiveCfg = Release|Any CPU
		{ED38304F-D1E3-02F8-2642-FCF031D9B521}.Release|x64.Build.0 = Release|Any CPU
		{ED38304F-D1E3-02F8-2642-FCF031D9B521}.Release|x86.ActiveCfg = Release|Any CPU
		{ED38304F-D1E3-02F8-2642-FCF031D9B521}.Release|x86.Build.0 = Release|Any CPU
		{77ADA901-9A98-4029-9919-D1B417F577C4}.Debug|Any CPU.ActiveCfg = Debug|Any CPU
		{77ADA901-9A98-4029-9919-D1B417F577C4}.Debug|Any CPU.Build.0 = Debug|Any CPU
		{77ADA901-9A98-4029-9919-D1B417F577C4}.Debug|x64.ActiveCfg = Debug|Any CPU
		{77ADA901-9A98-4029-9919-D1B417F577C4}.Debug|x64.Build.0 = Debug|Any CPU
		{77ADA901-9A98-4029-9919-D1B417F577C4}.Debug|x86.ActiveCfg = Debug|Any CPU
		{77ADA901-9A98-4029-9919-D1B417F577C4}.Debug|x86.Build.0 = Debug|Any CPU
		{77ADA901-9A98-4029-9919-D1B417F577C4}.Release|Any CPU.ActiveCfg = Release|Any CPU
		{77ADA901-9A98-4029-9919-D1B417F577C4}.Release|Any CPU.Build.0 = Release|Any CPU
		{77ADA901-9A98-4029-9919-D1B417F577C4}.Release|x64.ActiveCfg = Release|Any CPU
		{77ADA901-9A98-4029-9919-D1B417F577C4}.Release|x64.Build.0 = Release|Any CPU
		{77ADA901-9A98-4029-9919-D1B417F577C4}.Release|x86.ActiveCfg = Release|Any CPU
		{77ADA901-9A98-4029-9919-D1B417F577C4}.Release|x86.Build.0 = Release|Any CPU
	EndGlobalSection
	GlobalSection(SolutionProperties) = preSolution
		HideSolutionNode = FALSE
	EndGlobalSection
	GlobalSection(NestedProjects) = preSolution
		{77ADA901-9A98-4029-9919-D1B417F577C4} = {0AB3BF05-4346-4AA6-1389-037BE0695223}
	EndGlobalSection
	GlobalSection(ExtensibilityGlobals) = postSolution
		SolutionGuid = {FAF6DD15-D116-4932-AF2A-B0583AA5E6E4}
	EndGlobalSection
EndGlobal
